// !$*UTF8*$!
{
	archiveVersion = 1;
	classes = {
	};
	objectVersion = 50;
	objects = {

/* Begin PBXBuildFile section */
		A0346C2525FAA05000E66F40 /* AppDelegate.swift in Sources */ = {isa = PBXBuildFile; fileRef = A0346C2425FAA05000E66F40 /* AppDelegate.swift */; };
		A0346C2725FAA05000E66F40 /* SceneDelegate.swift in Sources */ = {isa = PBXBuildFile; fileRef = A0346C2625FAA05000E66F40 /* SceneDelegate.swift */; };
		A0346C2C25FAA05000E66F40 /* Main.storyboard in Resources */ = {isa = PBXBuildFile; fileRef = A0346C2A25FAA05000E66F40 /* Main.storyboard */; };
		A0346C2E25FAA05200E66F40 /* Assets.xcassets in Resources */ = {isa = PBXBuildFile; fileRef = A0346C2D25FAA05200E66F40 /* Assets.xcassets */; };
		A0346C3125FAA05200E66F40 /* LaunchScreen.storyboard in Resources */ = {isa = PBXBuildFile; fileRef = A0346C2F25FAA05200E66F40 /* LaunchScreen.storyboard */; };
		A0346C3A25FAA7BC00E66F40 /* EmojiTableViewController.swift in Sources */ = {isa = PBXBuildFile; fileRef = A0346C3925FAA7BC00E66F40 /* EmojiTableViewController.swift */; };
		A0ADF4D0260138DE00AE7035 /* NewEmojiTableViewController.swift in Sources */ = {isa = PBXBuildFile; fileRef = A0ADF4CF260138DE00AE7035 /* NewEmojiTableViewController.swift */; };
		A0CDB9DE25FCD8B4001A2B23 /* EmojiTableViewCell.swift in Sources */ = {isa = PBXBuildFile; fileRef = A0CDB9DD25FCD8B4001A2B23 /* EmojiTableViewCell.swift */; };
		A0CDB9E225FCDC18001A2B23 /* EmojiModel.swift in Sources */ = {isa = PBXBuildFile; fileRef = A0CDB9E125FCDC18001A2B23 /* EmojiModel.swift */; };
/* End PBXBuildFile section */

/* Begin PBXFileReference section */
		A0346C2125FAA05000E66F40 /* EmojiReader.app */ = {isa = PBXFileReference; explicitFileType = wrapper.application; includeInIndex = 0; path = EmojiReader.app; sourceTree = BUILT_PRODUCTS_DIR; };
		A0346C2425FAA05000E66F40 /* AppDelegate.swift */ = {isa = PBXFileReference; lastKnownFileType = sourcecode.swift; path = AppDelegate.swift; sourceTree = "<group>"; };
		A0346C2625FAA05000E66F40 /* SceneDelegate.swift */ = {isa = PBXFileReference; lastKnownFileType = sourcecode.swift; path = SceneDelegate.swift; sourceTree = "<group>"; };
		A0346C2B25FAA05000E66F40 /* Base */ = {isa = PBXFileReference; lastKnownFileType = file.storyboard; name = Base; path = Base.lproj/Main.storyboard; sourceTree = "<group>"; };
		A0346C2D25FAA05200E66F40 /* Assets.xcassets */ = {isa = PBXFileReference; lastKnownFileType = folder.assetcatalog; path = Assets.xcassets; sourceTree = "<group>"; };
		A0346C3025FAA05200E66F40 /* Base */ = {isa = PBXFileReference; lastKnownFileType = file.storyboard; name = Base; path = Base.lproj/LaunchScreen.storyboard; sourceTree = "<group>"; };
		A0346C3225FAA05200E66F40 /* Info.plist */ = {isa = PBXFileReference; lastKnownFileType = text.plist.xml; path = Info.plist; sourceTree = "<group>"; };
		A0346C3925FAA7BC00E66F40 /* EmojiTableViewController.swift */ = {isa = PBXFileReference; lastKnownFileType = sourcecode.swift; path = EmojiTableViewController.swift; sourceTree = "<group>"; };
		A0ADF4CF260138DE00AE7035 /* NewEmojiTableViewController.swift */ = {isa = PBXFileReference; lastKnownFileType = sourcecode.swift; path = NewEmojiTableViewController.swift; sourceTree = "<group>"; };
		A0CDB9DD25FCD8B4001A2B23 /* EmojiTableViewCell.swift */ = {isa = PBXFileReference; lastKnownFileType = sourcecode.swift; path = EmojiTableViewCell.swift; sourceTree = "<group>"; };
		A0CDB9E125FCDC18001A2B23 /* EmojiModel.swift */ = {isa = PBXFileReference; lastKnownFileType = sourcecode.swift; path = EmojiModel.swift; sourceTree = "<group>"; };
/* End PBXFileReference section */

/* Begin PBXFrameworksBuildPhase section */
		A0346C1E25FAA05000E66F40 /* Frameworks */ = {
			isa = PBXFrameworksBuildPhase;
			buildActionMask = 2147483647;
			files = (
			);
			runOnlyForDeploymentPostprocessing = 0;
		};
/* End PBXFrameworksBuildPhase section */

/* Begin PBXGroup section */
		A0346C1825FAA05000E66F40 = {
			isa = PBXGroup;
			children = (
				A0346C2325FAA05000E66F40 /* EmojiReader */,
				A0346C2225FAA05000E66F40 /* Products */,
			);
			sourceTree = "<group>";
		};
		A0346C2225FAA05000E66F40 /* Products */ = {
			isa = PBXGroup;
			children = (
				A0346C2125FAA05000E66F40 /* EmojiReader.app */,
			);
			name = Products;
			sourceTree = "<group>";
		};
		A0346C2325FAA05000E66F40 /* EmojiReader */ = {
			isa = PBXGroup;
			children = (
				A0346C2425FAA05000E66F40 /* AppDelegate.swift */,
				A0346C2625FAA05000E66F40 /* SceneDelegate.swift */,
				A0CDB9E025FCDB99001A2B23 /* TableView */,
				A0CDB9E425FCDD0F001A2B23 /* Model */,
				A0346C2A25FAA05000E66F40 /* Main.storyboard */,
				A0346C2D25FAA05200E66F40 /* Assets.xcassets */,
				A0346C2F25FAA05200E66F40 /* LaunchScreen.storyboard */,
				A0346C3225FAA05200E66F40 /* Info.plist */,
			);
			path = EmojiReader;
			sourceTree = "<group>";
		};
		A0CDB9E025FCDB99001A2B23 /* TableView */ = {
			isa = PBXGroup;
			children = (
				A0ADF4CF260138DE00AE7035 /* NewEmojiTableViewController.swift */,
				A0CDB9DD25FCD8B4001A2B23 /* EmojiTableViewCell.swift */,
				A0346C3925FAA7BC00E66F40 /* EmojiTableViewController.swift */,
			);
			path = TableView;
			sourceTree = "<group>";
		};
		A0CDB9E425FCDD0F001A2B23 /* Model */ = {
			isa = PBXGroup;
			children = (
				A0CDB9E125FCDC18001A2B23 /* EmojiModel.swift */,
			);
			path = Model;
			sourceTree = "<group>";
		};
/* End PBXGroup section */

/* Begin PBXNativeTarget section */
		A0346C2025FAA05000E66F40 /* EmojiReader */ = {
			isa = PBXNativeTarget;
			buildConfigurationList = A0346C3525FAA05200E66F40 /* Build configuration list for PBXNativeTarget "EmojiReader" */;
			buildPhases = (
				A0346C1D25FAA05000E66F40 /* Sources */,
				A0346C1E25FAA05000E66F40 /* Frameworks */,
				A0346C1F25FAA05000E66F40 /* Resources */,
			);
			buildRules = (
			);
			dependencies = (
			);
			name = EmojiReader;
			productName = EmojiReader;
			productReference = A0346C2125FAA05000E66F40 /* EmojiReader.app */;
			productType = "com.apple.product-type.application";
		};
/* End PBXNativeTarget section */

/* Begin PBXProject section */
		A0346C1925FAA05000E66F40 /* Project object */ = {
			isa = PBXProject;
			attributes = {
				LastSwiftUpdateCheck = 1240;
				LastUpgradeCheck = 1240;
				TargetAttributes = {
					A0346C2025FAA05000E66F40 = {
						CreatedOnToolsVersion = 12.4;
					};
				};
			};
			buildConfigurationList = A0346C1C25FAA05000E66F40 /* Build configuration list for PBXProject "EmojiReader" */;
			compatibilityVersion = "Xcode 9.3";
			developmentRegion = en;
			hasScannedForEncodings = 0;
			knownRegions = (
				en,
				Base,
			);
			mainGroup = A0346C1825FAA05000E66F40;
			productRefGroup = A0346C2225FAA05000E66F40 /* Products */;
			projectDirPath = "";
			projectRoot = "";
			targets = (
				A0346C2025FAA05000E66F40 /* EmojiReader */,
			);
		};
/* End PBXProject section */

/* Begin PBXResourcesBuildPhase section */
		A0346C1F25FAA05000E66F40 /* Resources */ = {
			isa = PBXResourcesBuildPhase;
			buildActionMask = 2147483647;
			files = (
				A0346C3125FAA05200E66F40 /* LaunchScreen.storyboard in Resources */,
				A0346C2E25FAA05200E66F40 /* Assets.xcassets in Resources */,
				A0346C2C25FAA05000E66F40 /* Main.storyboard in Resources */,
			);
			runOnlyForDeploymentPostprocessing = 0;
		};
/* End PBXResourcesBuildPhase section */

/* Begin PBXSourcesBuildPhase section */
		A0346C1D25FAA05000E66F40 /* Sources */ = {
			isa = PBXSourcesBuildPhase;
			buildActionMask = 2147483647;
			files = (
				A0346C3A25FAA7BC00E66F40 /* EmojiTableViewController.swift in Sources */,
				A0CDB9E225FCDC18001A2B23 /* EmojiModel.swift in Sources */,
				A0CDB9DE25FCD8B4001A2B23 /* EmojiTableViewCell.swift in Sources */,
				A0ADF4D0260138DE00AE7035 /* NewEmojiTableViewController.swift in Sources */,
				A0346C2525FAA05000E66F40 /* AppDelegate.swift in Sources */,
				A0346C2725FAA05000E66F40 /* SceneDelegate.swift in Sources */,
			);
			runOnlyForDeploymentPostprocessing = 0;
		};
/* End PBXSourcesBuildPhase section */

/* Begin PBXVariantGroup section */
		A0346C2A25FAA05000E66F40 /* Main.storyboard */ = {
			isa = PBXVariantGroup;
			children = (
				A0346C2B25FAA05000E66F40 /* Base */,
			);
			name = Main.storyboard;
			sourceTree = "<group>";
		};
		A0346C2F25FAA05200E66F40 /* LaunchScreen.storyboard */ = {
			isa = PBXVariantGroup;
			children = (
				A0346C3025FAA05200E66F40 /* Base */,
			);
			name = LaunchScreen.storyboard;
			sourceTree = "<group>";
		};
/* End PBXVariantGroup section */

/* Begin XCBuildConfiguration section */
		A0346C3325FAA05200E66F40 /* Debug */ = {
			isa = XCBuildConfiguration;
			buildSettings = {
				ALWAYS_SEARCH_USER_PATHS = NO;
				CLANG_ANALYZER_NONNULL = YES;
				CLANG_ANALYZER_NUMBER_OBJECT_CONVERSION = YES_AGGRESSIVE;
				CLANG_CXX_LANGUAGE_STANDARD = "gnu++14";
				CLANG_CXX_LIBRARY = "libc++";
				CLANG_ENABLE_MODULES = YES;
				CLANG_ENABLE_OBJC_ARC = YES;
				CLANG_ENABLE_OBJC_WEAK = YES;
				CLANG_WARN_BLOCK_CAPTURE_AUTORELEASING = YES;
				CLANG_WARN_BOOL_CONVERSION = YES;
				CLANG_WARN_COMMA = YES;
				CLANG_WARN_CONSTANT_CONVERSION = YES;
				CLANG_WARN_DEPRECATED_OBJC_IMPLEMENTATIONS = YES;
				CLANG_WARN_DIRECT_OBJC_ISA_USAGE = YES_ERROR;
				CLANG_WARN_DOCUMENTATION_COMMENTS = YES;
				CLANG_WARN_EMPTY_BODY = YES;
				CLANG_WARN_ENUM_CONVERSION = YES;
				CLANG_WARN_INFINITE_RECURSION = YES;
				CLANG_WARN_INT_CONVERSION = YES;
				CLANG_WARN_NON_LITERAL_NULL_CONVERSION = YES;
				CLANG_WARN_OBJC_IMPLICIT_RETAIN_SELF = YES;
				CLANG_WARN_OBJC_LITERAL_CONVERSION = YES;
				CLANG_WARN_OBJC_ROOT_CLASS = YES_ERROR;
				CLANG_WARN_QUOTED_INCLUDE_IN_FRAMEWORK_HEADER = YES;
				CLANG_WARN_RANGE_LOOP_ANALYSIS = YES;
				CLANG_WARN_STRICT_PROTOTYPES = YES;
				CLANG_WARN_SUSPICIOUS_MOVE = YES;
				CLANG_WARN_UNGUARDED_AVAILABILITY = YES_AGGRESSIVE;
				CLANG_WARN_UNREACHABLE_CODE = YES;
				CLANG_WARN__DUPLICATE_METHOD_MATCH = YES;
				COPY_PHASE_STRIP = NO;
				DEBUG_INFORMATION_FORMAT = dwarf;
				ENABLE_STRICT_OBJC_MSGSEND = YES;
				ENABLE_TESTABILITY = YES;
				GCC_C_LANGUAGE_STANDARD = gnu11;
				GCC_DYNAMIC_NO_PIC = NO;
				GCC_NO_COMMON_BLOCKS = YES;
				GCC_OPTIMIZATION_LEVEL = 0;
				GCC_PREPROCESSOR_DEFINITIONS = (
					"DEBUG=1",
					"$(inherited)",
				);
				GCC_WARN_64_TO_32_BIT_CONVERSION = YES;
				GCC_WARN_ABOUT_RETURN_TYPE = YES_ERROR;
				GCC_WARN_UNDECLARED_SELECTOR = YES;
				GCC_WARN_UNINITIALIZED_AUTOS = YES_AGGRESSIVE;
				GCC_WARN_UNUSED_FUNCTION = YES;
				GCC_WARN_UNUSED_VARIABLE = YES;
				IPHONEOS_DEPLOYMENT_TARGET = 14.4;
				MTL_ENABLE_DEBUG_INFO = INCLUDE_SOURCE;
				MTL_FAST_MATH = YES;
				ONLY_ACTIVE_ARCH = YES;
				SDKROOT = iphoneos;
				SWIFT_ACTIVE_COMPILATION_CONDITIONS = DEBUG;
				SWIFT_OPTIMIZATION_LEVEL = "-Onone";
			};
			name = Debug;
		};
		A0346C3425FAA05200E66F40 /* Release */ = {
			isa = XCBuildConfiguration;
			buildSettings = {
				ALWAYS_SEARCH_USER_PATHS = NO;
				CLANG_ANALYZER_NONNULL = YES;
				CLANG_ANALYZER_NUMBER_OBJECT_CONVERSION = YES_AGGRESSIVE;
				CLANG_CXX_LANGUAGE_STANDARD = "gnu++14";
				CLANG_CXX_LIBRARY = "libc++";
				CLANG_ENABLE_MODULES = YES;
				CLANG_ENABLE_OBJC_ARC = YES;
				CLANG_ENABLE_OBJC_WEAK = YES;
				CLANG_WARN_BLOCK_CAPTURE_AUTORELEASING = YES;
				CLANG_WARN_BOOL_CONVERSION = YES;
				CLANG_WARN_COMMA = YES;
				CLANG_WARN_CONSTANT_CONVERSION = YES;
				CLANG_WARN_DEPRECATED_OBJC_IMPLEMENTATIONS = YES;
				CLANG_WARN_DIRECT_OBJC_ISA_USAGE = YES_ERROR;
				CLANG_WARN_DOCUMENTATION_COMMENTS = YES;
				CLANG_WARN_EMPTY_BODY = YES;
				CLANG_WARN_ENUM_CONVERSION = YES;
				CLANG_WARN_INFINITE_RECURSION = YES;
				CLANG_WARN_INT_CONVERSION = YES;
				CLANG_WARN_NON_LITERAL_NULL_CONVERSION = YES;
				CLANG_WARN_OBJC_IMPLICIT_RETAIN_SELF = YES;
				CLANG_WARN_OBJC_LITERAL_CONVERSION = YES;
				CLANG_WARN_OBJC_ROOT_CLASS = YES_ERROR;
				CLANG_WARN_QUOTED_INCLUDE_IN_FRAMEWORK_HEADER = YES;
				CLANG_WARN_RANGE_LOOP_ANALYSIS = YES;
				CLANG_WARN_STRICT_PROTOTYPES = YES;
				CLANG_WARN_SUSPICIOUS_MOVE = YES;
				CLANG_WARN_UNGUARDED_AVAILABILITY = YES_AGGRESSIVE;
				CLANG_WARN_UNREACHABLE_CODE = YES;
				CLANG_WARN__DUPLICATE_METHOD_MATCH = YES;
				COPY_PHASE_STRIP = NO;
				DEBUG_INFORMATION_FORMAT = "dwarf-with-dsym";
				ENABLE_NS_ASSERTIONS = NO;
				ENABLE_STRICT_OBJC_MSGSEND = YES;
				GCC_C_LANGUAGE_STANDARD = gnu11;
				GCC_NO_COMMON_BLOCKS = YES;
				GCC_WARN_64_TO_32_BIT_CONVERSION = YES;
				GCC_WARN_ABOUT_RETURN_TYPE = YES_ERROR;
				GCC_WARN_UNDECLARED_SELECTOR = YES;
				GCC_WARN_UNINITIALIZED_AUTOS = YES_AGGRESSIVE;
				GCC_WARN_UNUSED_FUNCTION = YES;
				GCC_WARN_UNUSED_VARIABLE = YES;
				IPHONEOS_DEPLOYMENT_TARGET = 14.4;
				MTL_ENABLE_DEBUG_INFO = NO;
				MTL_FAST_MATH = YES;
				SDKROOT = iphoneos;
				SWIFT_COMPILATION_MODE = wholemodule;
				SWIFT_OPTIMIZATION_LEVEL = "-O";
				VALIDATE_PRODUCT = YES;
			};
			name = Release;
		};
		A0346C3625FAA05200E66F40 /* Debug */ = {
			isa = XCBuildConfiguration;
			buildSettings = {
				ASSETCATALOG_COMPILER_APPICON_NAME = AppIcon;
				ASSETCATALOG_COMPILER_GLOBAL_ACCENT_COLOR_NAME = AccentColor;
				CODE_SIGN_STYLE = Automatic;
				DEVELOPMENT_TEAM = 45M64WD4NB;
				INFOPLIST_FILE = EmojiReader/Info.plist;
				LD_RUNPATH_SEARCH_PATHS = (
					"$(inherited)",
					"@executable_path/Frameworks",
				);
				PRODUCT_BUNDLE_IDENTIFIER = "com.Hamburger-Studio.EmojiReader";
				PRODUCT_NAME = "$(TARGET_NAME)";
				SWIFT_VERSION = 5.0;
				TARGETED_DEVICE_FAMILY = "1,2";
			};
			name = Debug;
		};
		A0346C3725FAA05200E66F40 /* Release */ = {
			isa = XCBuildConfiguration;
			buildSettings = {
				ASSETCATALOG_COMPILER_APPICON_NAME = AppIcon;
				ASSETCATALOG_COMPILER_GLOBAL_ACCENT_COLOR_NAME = AccentColor;
				CODE_SIGN_STYLE = Automatic;
				DEVELOPMENT_TEAM = 45M64WD4NB;
				INFOPLIST_FILE = EmojiReader/Info.plist;
				LD_RUNPATH_SEARCH_PATHS = (
					"$(inherited)",
					"@executable_path/Frameworks",
				);
				PRODUCT_BUNDLE_IDENTIFIER = "com.Hamburger-Studio.EmojiReader";
				PRODUCT_NAME = "$(TARGET_NAME)";
				SWIFT_VERSION = 5.0;
				TARGETED_DEVICE_FAMILY = "1,2";
			};
			name = Release;
		};
/* End XCBuildConfiguration section */

/* Begin XCConfigurationList section */
		A0346C1C25FAA05000E66F40 /* Build configuration list for PBXProject "EmojiReader" */ = {
			isa = XCConfigurationList;
			buildConfigurations = (
				A0346C3325FAA05200E66F40 /* Debug */,
				A0346C3425FAA05200E66F40 /* Release */,
			);
			defaultConfigurationIsVisible = 0;
			defaultConfigurationName = Release;
		};
		A0346C3525FAA05200E66F40 /* Build configuration list for PBXNativeTarget "EmojiReader" */ = {
			isa = XCConfigurationList;
			buildConfigurations = (
				A0346C3625FAA05200E66F40 /* Debug */,
				A0346C3725FAA05200E66F40 /* Release */,
			);
			defaultConfigurationIsVisible = 0;
			defaultConfigurationName = Release;
		};
/* End XCConfigurationList section */
	};
	rootObject = A0346C1925FAA05000E66F40 /* Project object */;
}
